// !$*UTF8*$!
{
	archiveVersion = 1;
	classes = {
	};
	objectVersion = 50;
	objects = {

/* Begin PBXBuildFile section */
		04290AFD22563F6600D2F827 /* AppDelegate.swift in Sources */ = {isa = PBXBuildFile; fileRef = 04290AFC22563F6600D2F827 /* AppDelegate.swift */; };
		04290AFF22563F6600D2F827 /* ViewController.swift in Sources */ = {isa = PBXBuildFile; fileRef = 04290AFE22563F6600D2F827 /* ViewController.swift */; };
		04290B0222563F6600D2F827 /* Main.storyboard in Resources */ = {isa = PBXBuildFile; fileRef = 04290B0022563F6600D2F827 /* Main.storyboard */; };
		04290B0422563F6700D2F827 /* Assets.xcassets in Resources */ = {isa = PBXBuildFile; fileRef = 04290B0322563F6700D2F827 /* Assets.xcassets */; };
		04290B0722563F6700D2F827 /* LaunchScreen.storyboard in Resources */ = {isa = PBXBuildFile; fileRef = 04290B0522563F6700D2F827 /* LaunchScreen.storyboard */; };
/* End PBXBuildFile section */

/* Begin PBXFileReference section */
		04290AF922563F6600D2F827 /* CODERBYTE SOLUTIONS.app */ = {isa = PBXFileReference; explicitFileType = wrapper.application; includeInIndex = 0; path = "CODERBYTE SOLUTIONS.app"; sourceTree = BUILT_PRODUCTS_DIR; };
		04290AFC22563F6600D2F827 /* AppDelegate.swift */ = {isa = PBXFileReference; lastKnownFileType = sourcecode.swift; path = AppDelegate.swift; sourceTree = "<group>"; };
		04290AFE22563F6600D2F827 /* ViewController.swift */ = {isa = PBXFileReference; lastKnownFileType = sourcecode.swift; path = ViewController.swift; sourceTree = "<group>"; };
		04290B0122563F6600D2F827 /* Base */ = {isa = PBXFileReference; lastKnownFileType = file.storyboard; name = Base; path = Base.lproj/Main.storyboard; sourceTree = "<group>"; };
		04290B0322563F6700D2F827 /* Assets.xcassets */ = {isa = PBXFileReference; lastKnownFileType = folder.assetcatalog; path = Assets.xcassets; sourceTree = "<group>"; };
		04290B0622563F6700D2F827 /* Base */ = {isa = PBXFileReference; lastKnownFileType = file.storyboard; name = Base; path = Base.lproj/LaunchScreen.storyboard; sourceTree = "<group>"; };
		04290B0822563F6700D2F827 /* Info.plist */ = {isa = PBXFileReference; lastKnownFileType = text.plist.xml; path = Info.plist; sourceTree = "<group>"; };
/* End PBXFileReference section */

/* Begin PBXFrameworksBuildPhase section */
		04290AF622563F6600D2F827 /* Frameworks */ = {
			isa = PBXFrameworksBuildPhase;
			buildActionMask = 2147483647;
			files = (
			);
			runOnlyForDeploymentPostprocessing = 0;
		};
/* End PBXFrameworksBuildPhase section */

/* Begin PBXGroup section */
		04290AF022563F6600D2F827 = {
			isa = PBXGroup;
			children = (
				04290AFB22563F6600D2F827 /* CODERBYTE SOLUTIONS */,
				04290AFA22563F6600D2F827 /* Products */,
			);
			sourceTree = "<group>";
		};
		04290AFA22563F6600D2F827 /* Products */ = {
			isa = PBXGroup;
			children = (
				04290AF922563F6600D2F827 /* CODERBYTE SOLUTIONS.app */,
			);
			name = Products;
			sourceTree = "<group>";
		};
		04290AFB22563F6600D2F827 /* CODERBYTE SOLUTIONS */ = {
			isa = PBXGroup;
			children = (
				04290AFC22563F6600D2F827 /* AppDelegate.swift */,
				04290AFE22563F6600D2F827 /* ViewController.swift */,
				04290B0022563F6600D2F827 /* Main.storyboard */,
				04290B0322563F6700D2F827 /* Assets.xcassets */,
				04290B0522563F6700D2F827 /* LaunchScreen.storyboard */,
				04290B0822563F6700D2F827 /* Info.plist */,
			);
			path = "CODERBYTE SOLUTIONS";
			sourceTree = "<group>";
		};
/* End PBXGroup section */

/* Begin PBXNativeTarget section */
		04290AF822563F6600D2F827 /* CODERBYTE SOLUTIONS */ = {
			isa = PBXNativeTarget;
			buildConfigurationList = 04290B0B22563F6700D2F827 /* Build configuration list for PBXNativeTarget "CODERBYTE SOLUTIONS" */;
			buildPhases = (
				04290AF522563F6600D2F827 /* Sources */,
				04290AF622563F6600D2F827 /* Frameworks */,
				04290AF722563F6600D2F827 /* Resources */,
			);
			buildRules = (
			);
			dependencies = (
			);
			name = "CODERBYTE SOLUTIONS";
			productName = "CODERBYTE SOLUTIONS";
			productReference = 04290AF922563F6600D2F827 /* CODERBYTE SOLUTIONS.app */;
			productType = "com.apple.product-type.application";
		};
/* End PBXNativeTarget section */

/* Begin PBXProject section */
		04290AF122563F6600D2F827 /* Project object */ = {
			isa = PBXProject;
			attributes = {
				LastSwiftUpdateCheck = 1020;
				LastUpgradeCheck = 1020;
				ORGANIZATIONNAME = "Tran cong khoa";
				TargetAttributes = {
					04290AF822563F6600D2F827 = {
						CreatedOnToolsVersion = 10.2;
					};
				};
			};
			buildConfigurationList = 04290AF422563F6600D2F827 /* Build configuration list for PBXProject "CODERBYTE SOLUTIONS" */;
			compatibilityVersion = "Xcode 9.3";
			developmentRegion = en;
			hasScannedForEncodings = 0;
			knownRegions = (
				en,
				Base,
			);
			mainGroup = 04290AF022563F6600D2F827;
			productRefGroup = 04290AFA22563F6600D2F827 /* Products */;
			projectDirPath = "";
			projectRoot = "";
			targets = (
				04290AF822563F6600D2F827 /* CODERBYTE SOLUTIONS */,
			);
		};
/* End PBXProject section */

/* Begin PBXResourcesBuildPhase section */
		04290AF722563F6600D2F827 /* Resources */ = {
			isa = PBXResourcesBuildPhase;
			buildActionMask = 2147483647;
			files = (
				04290B0722563F6700D2F827 /* LaunchScreen.storyboard in Resources */,
				04290B0422563F6700D2F827 /* Assets.xcassets in Resources */,
				04290B0222563F6600D2F827 /* Main.storyboard in Resources */,
			);
			runOnlyForDeploymentPostprocessing = 0;
		};
/* End PBXResourcesBuildPhase section */

/* Begin PBXSourcesBuildPhase section */
		04290AF522563F6600D2F827 /* Sources */ = {
			isa = PBXSourcesBuildPhase;
			buildActionMask = 2147483647;
			files = (
				04290AFF22563F6600D2F827 /* ViewController.swift in Sources */,
				04290AFD22563F6600D2F827 /* AppDelegate.swift in Sources */,
			);
			runOnlyForDeploymentPostprocessing = 0;
		};
/* End PBXSourcesBuildPhase section */

/* Begin PBXVariantGroup section */
		04290B0022563F6600D2F827 /* Main.storyboard */ = {
			isa = PBXVariantGroup;
			children = (
				04290B0122563F6600D2F827 /* Base */,
			);
			name = Main.storyboard;
			sourceTree = "<group>";
		};
		04290B0522563F6700D2F827 /* LaunchScreen.storyboard */ = {
			isa = PBXVariantGroup;
			children = (
				04290B0622563F6700D2F827 /* Base */,
			);
			name = LaunchScreen.storyboard;
			sourceTree = "<group>";
		};
/* End PBXVariantGroup section */

/* Begin XCBuildConfiguration section */
		04290B0922563F6700D2F827 /* Debug */ = {
			isa = XCBuildConfiguration;
			buildSettings = {
				ALWAYS_SEARCH_USER_PATHS = NO;
				CLANG_ANALYZER_NONNULL = YES;
				CLANG_ANALYZER_NUMBER_OBJECT_CONVERSION = YES_AGGRESSIVE;
				CLANG_CXX_LANGUAGE_STANDARD = "gnu++14";
				CLANG_CXX_LIBRARY = "libc++";
				CLANG_ENABLE_MODULES = YES;
				CLANG_ENABLE_OBJC_ARC = YES;
				CLANG_ENABLE_OBJC_WEAK = YES;
				CLANG_WARN_BLOCK_CAPTURE_AUTORELEASING = YES;
				CLANG_WARN_BOOL_CONVERSION = YES;
				CLANG_WARN_COMMA = YES;
				CLANG_WARN_CONSTANT_CONVERSION = YES;
				CLANG_WARN_DEPRECATED_OBJC_IMPLEMENTATIONS = YES;
				CLANG_WARN_DIRECT_OBJC_ISA_USAGE = YES_ERROR;
				CLANG_WARN_DOCUMENTATION_COMMENTS = YES;
				CLANG_WARN_EMPTY_BODY = YES;
				CLANG_WARN_ENUM_CONVERSION = YES;
				CLANG_WARN_INFINITE_RECURSION = YES;
				CLANG_WARN_INT_CONVERSION = YES;
				CLANG_WARN_NON_LITERAL_NULL_CONVERSION = YES;
				CLANG_WARN_OBJC_IMPLICIT_RETAIN_SELF = YES;
				CLANG_WARN_OBJC_LITERAL_CONVERSION = YES;
				CLANG_WARN_OBJC_ROOT_CLASS = YES_ERROR;
				CLANG_WARN_RANGE_LOOP_ANALYSIS = YES;
				CLANG_WARN_STRICT_PROTOTYPES = YES;
				CLANG_WARN_SUSPICIOUS_MOVE = YES;
				CLANG_WARN_UNGUARDED_AVAILABILITY = YES_AGGRESSIVE;
				CLANG_WARN_UNREACHABLE_CODE = YES;
				CLANG_WARN__DUPLICATE_METHOD_MATCH = YES;
				CODE_SIGN_IDENTITY = "iPhone Developer";
				COPY_PHASE_STRIP = NO;
				DEBUG_INFORMATION_FORMAT = dwarf;
				ENABLE_STRICT_OBJC_MSGSEND = YES;
				ENABLE_TESTABILITY = YES;
				GCC_C_LANGUAGE_STANDARD = gnu11;
				GCC_DYNAMIC_NO_PIC = NO;
				GCC_NO_COMMON_BLOCKS = YES;
				GCC_OPTIMIZATION_LEVEL = 0;
				GCC_PREPROCESSOR_DEFINITIONS = (
					"DEBUG=1",
					"$(inherited)",
				);
				GCC_WARN_64_TO_32_BIT_CONVERSION = YES;
				GCC_WARN_ABOUT_RETURN_TYPE = YES_ERROR;
				GCC_WARN_UNDECLARED_SELECTOR = YES;
				GCC_WARN_UNINITIALIZED_AUTOS = YES_AGGRESSIVE;
				GCC_WARN_UNUSED_FUNCTION = YES;
				GCC_WARN_UNUSED_VARIABLE = YES;
				IPHONEOS_DEPLOYMENT_TARGET = 12.2;
				MTL_ENABLE_DEBUG_INFO = INCLUDE_SOURCE;
				MTL_FAST_MATH = YES;
				ONLY_ACTIVE_ARCH = YES;
				SDKROOT = iphoneos;
				SWIFT_ACTIVE_COMPILATION_CONDITIONS = DEBUG;
				SWIFT_OPTIMIZATION_LEVEL = "-Onone";
			};
			name = Debug;
		};
		04290B0A22563F6700D2F827 /* Release */ = {
			isa = XCBuildConfiguration;
			buildSettings = {
				ALWAYS_SEARCH_USER_PATHS = NO;
				CLANG_ANALYZER_NONNULL = YES;
				CLANG_ANALYZER_NUMBER_OBJECT_CONVERSION = YES_AGGRESSIVE;
				CLANG_CXX_LANGUAGE_STANDARD = "gnu++14";
				CLANG_CXX_LIBRARY = "libc++";
				CLANG_ENABLE_MODULES = YES;
				CLANG_ENABLE_OBJC_ARC = YES;
				CLANG_ENABLE_OBJC_WEAK = YES;
				CLANG_WARN_BLOCK_CAPTURE_AUTORELEASING = YES;
				CLANG_WARN_BOOL_CONVERSION = YES;
				CLANG_WARN_COMMA = YES;
				CLANG_WARN_CONSTANT_CONVERSION = YES;
				CLANG_WARN_DEPRECATED_OBJC_IMPLEMENTATIONS = YES;
				CLANG_WARN_DIRECT_OBJC_ISA_USAGE = YES_ERROR;
				CLANG_WARN_DOCUMENTATION_COMMENTS = YES;
				CLANG_WARN_EMPTY_BODY = YES;
				CLANG_WARN_ENUM_CONVERSION = YES;
				CLANG_WARN_INFINITE_RECURSION = YES;
				CLANG_WARN_INT_CONVERSION = YES;
				CLANG_WARN_NON_LITERAL_NULL_CONVERSION = YES;
				CLANG_WARN_OBJC_IMPLICIT_RETAIN_SELF = YES;
				CLANG_WARN_OBJC_LITERAL_CONVERSION = YES;
				CLANG_WARN_OBJC_ROOT_CLASS = YES_ERROR;
				CLANG_WARN_RANGE_LOOP_ANALYSIS = YES;
				CLANG_WARN_STRICT_PROTOTYPES = YES;
				CLANG_WARN_SUSPICIOUS_MOVE = YES;
				CLANG_WARN_UNGUARDED_AVAILABILITY = YES_AGGRESSIVE;
				CLANG_WARN_UNREACHABLE_CODE = YES;
				CLANG_WARN__DUPLICATE_METHOD_MATCH = YES;
				CODE_SIGN_IDENTITY = "iPhone Developer";
				COPY_PHASE_STRIP = NO;
				DEBUG_INFORMATION_FORMAT = "dwarf-with-dsym";
				ENABLE_NS_ASSERTIONS = NO;
				ENABLE_STRICT_OBJC_MSGSEND = YES;
				GCC_C_LANGUAGE_STANDARD = gnu11;
				GCC_NO_COMMON_BLOCKS = YES;
				GCC_WARN_64_TO_32_BIT_CONVERSION = YES;
				GCC_WARN_ABOUT_RETURN_TYPE = YES_ERROR;
				GCC_WARN_UNDECLARED_SELECTOR = YES;
				GCC_WARN_UNINITIALIZED_AUTOS = YES_AGGRESSIVE;
				GCC_WARN_UNUSED_FUNCTION = YES;
				GCC_WARN_UNUSED_VARIABLE = YES;
				IPHONEOS_DEPLOYMENT_TARGET = 12.2;
				MTL_ENABLE_DEBUG_INFO = NO;
				MTL_FAST_MATH = YES;
				SDKROOT = iphoneos;
				SWIFT_COMPILATION_MODE = wholemodule;
				SWIFT_OPTIMIZATION_LEVEL = "-O";
				VALIDATE_PRODUCT = YES;
			};
			name = Release;
		};
		04290B0C22563F6700D2F827 /* Debug */ = {
			isa = XCBuildConfiguration;
			buildSettings = {
				ASSETCATALOG_COMPILER_APPICON_NAME = AppIcon;
				CODE_SIGN_STYLE = Automatic;
				DEVELOPMENT_TEAM = 4VUT4P2ML8;
				INFOPLIST_FILE = "CODERBYTE SOLUTIONS/Info.plist";
				LD_RUNPATH_SEARCH_PATHS = (
					"$(inherited)",
					"@executable_path/Frameworks",
				);
				PRODUCT_BUNDLE_IDENTIFIER = "com.trancongkhoa.CODERBYTE-SOLUTIONS";
				PRODUCT_NAME = "$(TARGET_NAME)";
				SWIFT_VERSION = 5.0;
				TARGETED_DEVICE_FAMILY = "1,2";
			};
			name = Debug;
		};
		04290B0D22563F6700D2F827 /* Release */ = {
			isa = XCBuildConfiguration;
			buildSettings = {
				ASSETCATALOG_COMPILER_APPICON_NAME = AppIcon;
				CODE_SIGN_STYLE = Automatic;
				DEVELOPMENT_TEAM = 4VUT4P2ML8;
				INFOPLIST_FILE = "CODERBYTE SOLUTIONS/Info.plist";
				LD_RUNPATH_SEARCH_PATHS = (
					"$(inherited)",
					"@executable_path/Frameworks",
				);
				PRODUCT_BUNDLE_IDENTIFIER = "com.trancongkhoa.CODERBYTE-SOLUTIONS";
				PRODUCT_NAME = "$(TARGET_NAME)";
				SWIFT_VERSION = 5.0;
				TARGETED_DEVICE_FAMILY = "1,2";
			};
			name = Release;
		};
/* End XCBuildConfiguration section */

/* Begin XCConfigurationList section */
		04290AF422563F6600D2F827 /* Build configuration list for PBXProject "CODERBYTE SOLUTIONS" */ = {
			isa = XCConfigurationList;
			buildConfigurations = (
				04290B0922563F6700D2F827 /* Debug */,
				04290B0A22563F6700D2F827 /* Release */,
			);
			defaultConfigurationIsVisible = 0;
			defaultConfigurationName = Release;
		};
		04290B0B22563F6700D2F827 /* Build configuration list for PBXNativeTarget "CODERBYTE SOLUTIONS" */ = {
			isa = XCConfigurationList;
			buildConfigurations = (
				04290B0C22563F6700D2F827 /* Debug */,
				04290B0D22563F6700D2F827 /* Release */,
			);
			defaultConfigurationIsVisible = 0;
			defaultConfigurationName = Release;
		};
/* End XCConfigurationList section */
	};
	rootObject = 04290AF122563F6600D2F827 /* Project object */;
}
